# THIS IS AN AUTOGENERATED FILE. DO NOT EDIT THIS FILE DIRECTLY.
# yarn lockfile v1


"flush-promises@^1.0.2":
  "integrity" "sha512-G0sYfLQERwKz4+4iOZYQEZVpOt9zQrlItIxQAAYAWpfby3gbHrx0osCHz5RLl/XoXevXk0xoN4hDFky/VV9TrA=="
  "resolved" "https://registry.npmjs.org/flush-promises/-/flush-promises-1.0.2.tgz"
  "version" "1.0.2"
